
Microsoft Visual Studio Solution File, Format Version 12.00
# Visual Studio Version 16
VisualStudioVersion = 16.0.31702.278
MinimumVisualStudioVersion = 10.0.40219.1
Project("{F184B08F-C81C-45F6-A57F-5ABD9991F28F}") = "Prueba", "Prueba.vbproj", "{AD87BED8-4DE6-4026-BE1A-2BA4D558EC10}"
EndProject
Global
	GlobalSection(SolutionConfigurationPlatforms) = preSolution
		Debug|Any CPU = Debug|Any CPU
		Release|Any CPU = Release|Any CPU
	EndGlobalSection
	GlobalSection(ProjectConfigurationPlatforms) = postSolution
		{AD87BED8-4DE6-4026-BE1A-2BA4D558EC10}.Debug|Any CPU.ActiveCfg = Debug|Any CPU
		{AD87BED8-4DE6-4026-BE1A-2BA4D558EC10}.Debug|Any CPU.Build.0 = Debug|Any CPU
		{AD87BED8-4DE6-4026-BE1A-2BA4D558EC10}.Release|Any CPU.ActiveCfg = Release|Any CPU
		{AD87BED8-4DE6-4026-BE1A-2BA4D558EC10}.Release|Any CPU.Build.0 = Release|Any CPU
	EndGlobalSection
	GlobalSection(SolutionProperties) = preSolution
		HideSolutionNode = FALSE
	EndGlobalSection
	GlobalSection(ExtensibilityGlobals) = postSolution
		SolutionGuid = {EFA74D89-1909-4F93-82CD-DC5641D4BC6E}
	EndGlobalSection
EndGlobal
